
Microsoft Visual Studio Solution File, Format Version 12.00
# Visual Studio Version 16
VisualStudioVersion = 16.0.30225.117
MinimumVisualStudioVersion = 15.0.26124.0
Project("{9A19103F-16F7-4668-BE54-9A1E7A4F7556}") = "AnswerHere.Api", "AnswerHere.Api\AnswerHere.Api.csproj", "{E645B3F2-2A3D-41AE-90E5-DDEB33EF41C9}"
EndProject
Project("{9A19103F-16F7-4668-BE54-9A1E7A4F7556}") = "AnswerHere.Domain", "AnswerHere.Domain\AnswerHere.Domain.csproj", "{0A80B2AC-9333-471D-B1CA-9627953DA5D0}"
EndProject
Project("{9A19103F-16F7-4668-BE54-9A1E7A4F7556}") = "AnswerHere.Infra", "AnswerHere.Infra\AnswerHere.Infra.csproj", "{518E4F40-E879-4314-8B78-AB091A648759}"
EndProject
Global
	GlobalSection(SolutionConfigurationPlatforms) = preSolution
		Debug|Any CPU = Debug|Any CPU
		Debug|x64 = Debug|x64
		Debug|x86 = Debug|x86
		Release|Any CPU = Release|Any CPU
		Release|x64 = Release|x64
		Release|x86 = Release|x86
	EndGlobalSection
	GlobalSection(ProjectConfigurationPlatforms) = postSolution
		{E645B3F2-2A3D-41AE-90E5-DDEB33EF41C9}.Debug|Any CPU.ActiveCfg = Debug|Any CPU
		{E645B3F2-2A3D-41AE-90E5-DDEB33EF41C9}.Debug|Any CPU.Build.0 = Debug|Any CPU
		{E645B3F2-2A3D-41AE-90E5-DDEB33EF41C9}.Debug|x64.ActiveCfg = Debug|Any CPU
		{E645B3F2-2A3D-41AE-90E5-DDEB33EF41C9}.Debug|x64.Build.0 = Debug|Any CPU
		{E645B3F2-2A3D-41AE-90E5-DDEB33EF41C9}.Debug|x86.ActiveCfg = Debug|Any CPU
		{E645B3F2-2A3D-41AE-90E5-DDEB33EF41C9}.Debug|x86.Build.0 = Debug|Any CPU
		{E645B3F2-2A3D-41AE-90E5-DDEB33EF41C9}.Release|Any CPU.ActiveCfg = Release|Any CPU
		{E645B3F2-2A3D-41AE-90E5-DDEB33EF41C9}.Release|Any CPU.Build.0 = Release|Any CPU
		{E645B3F2-2A3D-41AE-90E5-DDEB33EF41C9}.Release|x64.ActiveCfg = Release|Any CPU
		{E645B3F2-2A3D-41AE-90E5-DDEB33EF41C9}.Release|x64.Build.0 = Release|Any CPU
		{E645B3F2-2A3D-41AE-90E5-DDEB33EF41C9}.Release|x86.ActiveCfg = Release|Any CPU
		{E645B3F2-2A3D-41AE-90E5-DDEB33EF41C9}.Release|x86.Build.0 = Release|Any CPU
		{0A80B2AC-9333-471D-B1CA-9627953DA5D0}.Debug|Any CPU.ActiveCfg = Debug|Any CPU
		{0A80B2AC-9333-471D-B1CA-9627953DA5D0}.Debug|Any CPU.Build.0 = Debug|Any CPU
		{0A80B2AC-9333-471D-B1CA-9627953DA5D0}.Debug|x64.ActiveCfg = Debug|Any CPU
		{0A80B2AC-9333-471D-B1CA-9627953DA5D0}.Debug|x64.Build.0 = Debug|Any CPU
		{0A80B2AC-9333-471D-B1CA-9627953DA5D0}.Debug|x86.ActiveCfg = Debug|Any CPU
		{0A80B2AC-9333-471D-B1CA-9627953DA5D0}.Debug|x86.Build.0 = Debug|Any CPU
		{0A80B2AC-9333-471D-B1CA-9627953DA5D0}.Release|Any CPU.ActiveCfg = Release|Any CPU
		{0A80B2AC-9333-471D-B1CA-9627953DA5D0}.Release|Any CPU.Build.0 = Release|Any CPU
		{0A80B2AC-9333-471D-B1CA-9627953DA5D0}.Release|x64.ActiveCfg = Release|Any CPU
		{0A80B2AC-9333-471D-B1CA-9627953DA5D0}.Release|x64.Build.0 = Release|Any CPU
		{0A80B2AC-9333-471D-B1CA-9627953DA5D0}.Release|x86.ActiveCfg = Release|Any CPU
		{0A80B2AC-9333-471D-B1CA-9627953DA5D0}.Release|x86.Build.0 = Release|Any CPU
		{518E4F40-E879-4314-8B78-AB091A648759}.Debug|Any CPU.ActiveCfg = Debug|Any CPU
		{518E4F40-E879-4314-8B78-AB091A648759}.Debug|Any CPU.Build.0 = Debug|Any CPU
		{518E4F40-E879-4314-8B78-AB091A648759}.Debug|x64.ActiveCfg = Debug|Any CPU
		{518E4F40-E879-4314-8B78-AB091A648759}.Debug|x64.Build.0 = Debug|Any CPU
		{518E4F40-E879-4314-8B78-AB091A648759}.Debug|x86.ActiveCfg = Debug|Any CPU
		{518E4F40-E879-4314-8B78-AB091A648759}.Debug|x86.Build.0 = Debug|Any CPU
		{518E4F40-E879-4314-8B78-AB091A648759}.Release|Any CPU.ActiveCfg = Release|Any CPU
		{518E4F40-E879-4314-8B78-AB091A648759}.Release|Any CPU.Build.0 = Release|Any CPU
		{518E4F40-E879-4314-8B78-AB091A648759}.Release|x64.ActiveCfg = Release|Any CPU
		{518E4F40-E879-4314-8B78-AB091A648759}.Release|x64.Build.0 = Release|Any CPU
		{518E4F40-E879-4314-8B78-AB091A648759}.Release|x86.ActiveCfg = Release|Any CPU
		{518E4F40-E879-4314-8B78-AB091A648759}.Release|x86.Build.0 = Release|Any CPU
	EndGlobalSection
	GlobalSection(SolutionProperties) = preSolution
		HideSolutionNode = FALSE
	EndGlobalSection
	GlobalSection(ExtensibilityGlobals) = postSolution
		SolutionGuid = {E30252EA-E1FF-4948-922A-0B9C43D3CB7F}
	EndGlobalSection
EndGlobal
